
Microsoft Visual Studio Solution File, Format Version 12.00
# Visual Studio Version 16
VisualStudioVersion = 16.0.30804.86
MinimumVisualStudioVersion = 10.0.40219.1
Project("{C7167F0D-BC9F-4E6E-AFE1-012C56B48DB5}") = "Package", "Package\Package.wapproj", "{DF8BE53D-1CF5-431D-989F-00E553437C13}"
EndProject
Project("{FAE04EC0-301F-11D3-BF4B-00C04F79EFBC}") = "CSN.Uwp", "CSN.Uwp\CSN.Uwp.csproj", "{1FC7AC45-7F1A-47E4-9CDF-A032330F0F16}"
EndProject
Project("{FAE04EC0-301F-11D3-BF4B-00C04F79EFBC}") = "E3Collector", "E3Collector\E3Collector.csproj", "{ABDB3A25-4EA6-4746-9D9E-ED566D4FA67C}"
EndProject
Project("{FAE04EC0-301F-11D3-BF4B-00C04F79EFBC}") = "CSN.Common", "CSN.Common\CSN.Common.csproj", "{E78A8659-F2D4-4E99-AAEB-AC1C62997310}"
EndProject
Global
	GlobalSection(SolutionConfigurationPlatforms) = preSolution
		Debug|Any CPU = Debug|Any CPU
		Debug|ARM = Debug|ARM
		Debug|ARM64 = Debug|ARM64
		Debug|x64 = Debug|x64
		Debug|x86 = Debug|x86
		Release|Any CPU = Release|Any CPU
		Release|ARM = Release|ARM
		Release|ARM64 = Release|ARM64
		Release|x64 = Release|x64
		Release|x86 = Release|x86
	EndGlobalSection
	GlobalSection(ProjectConfigurationPlatforms) = postSolution
		{DF8BE53D-1CF5-431D-989F-00E553437C13}.Debug|Any CPU.ActiveCfg = Debug|Any CPU
		{DF8BE53D-1CF5-431D-989F-00E553437C13}.Debug|Any CPU.Build.0 = Debug|Any CPU
		{DF8BE53D-1CF5-431D-989F-00E553437C13}.Debug|Any CPU.Deploy.0 = Debug|Any CPU
		{DF8BE53D-1CF5-431D-989F-00E553437C13}.Debug|ARM.ActiveCfg = Debug|ARM
		{DF8BE53D-1CF5-431D-989F-00E553437C13}.Debug|ARM.Build.0 = Debug|ARM
		{DF8BE53D-1CF5-431D-989F-00E553437C13}.Debug|ARM.Deploy.0 = Debug|ARM
		{DF8BE53D-1CF5-431D-989F-00E553437C13}.Debug|ARM64.ActiveCfg = Debug|ARM64
		{DF8BE53D-1CF5-431D-989F-00E553437C13}.Debug|ARM64.Build.0 = Debug|ARM64
		{DF8BE53D-1CF5-431D-989F-00E553437C13}.Debug|ARM64.Deploy.0 = Debug|ARM64
		{DF8BE53D-1CF5-431D-989F-00E553437C13}.Debug|x64.ActiveCfg = Debug|x64
		{DF8BE53D-1CF5-431D-989F-00E553437C13}.Debug|x64.Build.0 = Debug|x64
		{DF8BE53D-1CF5-431D-989F-00E553437C13}.Debug|x64.Deploy.0 = Debug|x64
		{DF8BE53D-1CF5-431D-989F-00E553437C13}.Debug|x86.ActiveCfg = Debug|x86
		{DF8BE53D-1CF5-431D-989F-00E553437C13}.Debug|x86.Build.0 = Debug|x86
		{DF8BE53D-1CF5-431D-989F-00E553437C13}.Debug|x86.Deploy.0 = Debug|x86
		{DF8BE53D-1CF5-431D-989F-00E553437C13}.Release|Any CPU.ActiveCfg = Release|Any CPU
		{DF8BE53D-1CF5-431D-989F-00E553437C13}.Release|Any CPU.Build.0 = Release|Any CPU
		{DF8BE53D-1CF5-431D-989F-00E553437C13}.Release|Any CPU.Deploy.0 = Release|Any CPU
		{DF8BE53D-1CF5-431D-989F-00E553437C13}.Release|ARM.ActiveCfg = Release|ARM
		{DF8BE53D-1CF5-431D-989F-00E553437C13}.Release|ARM.Build.0 = Release|ARM
		{DF8BE53D-1CF5-431D-989F-00E553437C13}.Release|ARM.Deploy.0 = Release|ARM
		{DF8BE53D-1CF5-431D-989F-00E553437C13}.Release|ARM64.ActiveCfg = Release|ARM64
		{DF8BE53D-1CF5-431D-989F-00E553437C13}.Release|ARM64.Build.0 = Release|ARM64
		{DF8BE53D-1CF5-431D-989F-00E553437C13}.Release|ARM64.Deploy.0 = Release|ARM64
		{DF8BE53D-1CF5-431D-989F-00E553437C13}.Release|x64.ActiveCfg = Release|x64
		{DF8BE53D-1CF5-431D-989F-00E553437C13}.Release|x64.Build.0 = Release|x64
		{DF8BE53D-1CF5-431D-989F-00E553437C13}.Release|x64.Deploy.0 = Release|x64
		{DF8BE53D-1CF5-431D-989F-00E553437C13}.Release|x86.ActiveCfg = Release|x86
		{DF8BE53D-1CF5-431D-989F-00E553437C13}.Release|x86.Build.0 = Release|x86
		{DF8BE53D-1CF5-431D-989F-00E553437C13}.Release|x86.Deploy.0 = Release|x86
		{1FC7AC45-7F1A-47E4-9CDF-A032330F0F16}.Debug|Any CPU.ActiveCfg = Debug|x64
		{1FC7AC45-7F1A-47E4-9CDF-A032330F0F16}.Debug|Any CPU.Build.0 = Debug|x64
		{1FC7AC45-7F1A-47E4-9CDF-A032330F0F16}.Debug|Any CPU.Deploy.0 = Debug|x64
		{1FC7AC45-7F1A-47E4-9CDF-A032330F0F16}.Debug|ARM.ActiveCfg = Debug|ARM
		{1FC7AC45-7F1A-47E4-9CDF-A032330F0F16}.Debug|ARM.Build.0 = Debug|ARM
		{1FC7AC45-7F1A-47E4-9CDF-A032330F0F16}.Debug|ARM.Deploy.0 = Debug|ARM
		{1FC7AC45-7F1A-47E4-9CDF-A032330F0F16}.Debug|ARM64.ActiveCfg = Debug|ARM64
		{1FC7AC45-7F1A-47E4-9CDF-A032330F0F16}.Debug|ARM64.Build.0 = Debug|ARM64
		{1FC7AC45-7F1A-47E4-9CDF-A032330F0F16}.Debug|ARM64.Deploy.0 = Debug|ARM64
		{1FC7AC45-7F1A-47E4-9CDF-A032330F0F16}.Debug|x64.ActiveCfg = Debug|x64
		{1FC7AC45-7F1A-47E4-9CDF-A032330F0F16}.Debug|x64.Build.0 = Debug|x64
		{1FC7AC45-7F1A-47E4-9CDF-A032330F0F16}.Debug|x64.Deploy.0 = Debug|x64
		{1FC7AC45-7F1A-47E4-9CDF-A032330F0F16}.Debug|x86.ActiveCfg = Debug|x86
		{1FC7AC45-7F1A-47E4-9CDF-A032330F0F16}.Debug|x86.Build.0 = Debug|x86
		{1FC7AC45-7F1A-47E4-9CDF-A032330F0F16}.Debug|x86.Deploy.0 = Debug|x86
		{1FC7AC45-7F1A-47E4-9CDF-A032330F0F16}.Release|Any CPU.ActiveCfg = Release|x86
		{1FC7AC45-7F1A-47E4-9CDF-A032330F0F16}.Release|ARM.ActiveCfg = Release|ARM
		{1FC7AC45-7F1A-47E4-9CDF-A032330F0F16}.Release|ARM.Build.0 = Release|ARM
		{1FC7AC45-7F1A-47E4-9CDF-A032330F0F16}.Release|ARM.Deploy.0 = Release|ARM
		{1FC7AC45-7F1A-47E4-9CDF-A032330F0F16}.Release|ARM64.ActiveCfg = Release|ARM64
		{1FC7AC45-7F1A-47E4-9CDF-A032330F0F16}.Release|ARM64.Build.0 = Release|ARM64
		{1FC7AC45-7F1A-47E4-9CDF-A032330F0F16}.Release|ARM64.Deploy.0 = Release|ARM64
		{1FC7AC45-7F1A-47E4-9CDF-A032330F0F16}.Release|x64.ActiveCfg = Release|x64
		{1FC7AC45-7F1A-47E4-9CDF-A032330F0F16}.Release|x64.Build.0 = Release|x64
		{1FC7AC45-7F1A-47E4-9CDF-A032330F0F16}.Release|x64.Deploy.0 = Release|x64
		{1FC7AC45-7F1A-47E4-9CDF-A032330F0F16}.Release|x86.ActiveCfg = Release|x86
		{1FC7AC45-7F1A-47E4-9CDF-A032330F0F16}.Release|x86.Build.0 = Release|x86
		{1FC7AC45-7F1A-47E4-9CDF-A032330F0F16}.Release|x86.Deploy.0 = Release|x86
		{ABDB3A25-4EA6-4746-9D9E-ED566D4FA67C}.Debug|Any CPU.ActiveCfg = Debug|Any CPU
		{ABDB3A25-4EA6-4746-9D9E-ED566D4FA67C}.Debug|Any CPU.Build.0 = Debug|Any CPU
		{ABDB3A25-4EA6-4746-9D9E-ED566D4FA67C}.Debug|ARM.ActiveCfg = Debug|Any CPU
		{ABDB3A25-4EA6-4746-9D9E-ED566D4FA67C}.Debug|ARM.Build.0 = Debug|Any CPU
		{ABDB3A25-4EA6-4746-9D9E-ED566D4FA67C}.Debug|ARM64.ActiveCfg = Debug|Any CPU
		{ABDB3A25-4EA6-4746-9D9E-ED566D4FA67C}.Debug|ARM64.Build.0 = Debug|Any CPU
		{ABDB3A25-4EA6-4746-9D9E-ED566D4FA67C}.Debug|x64.ActiveCfg = Debug|x64
		{ABDB3A25-4EA6-4746-9D9E-ED566D4FA67C}.Debug|x64.Build.0 = Debug|x64
		{ABDB3A25-4EA6-4746-9D9E-ED566D4FA67C}.Debug|x86.ActiveCfg = Debug|x86
		{ABDB3A25-4EA6-4746-9D9E-ED566D4FA67C}.Debug|x86.Build.0 = Debug|x86
		{ABDB3A25-4EA6-4746-9D9E-ED566D4FA67C}.Release|Any CPU.ActiveCfg = Release|Any CPU
		{ABDB3A25-4EA6-4746-9D9E-ED566D4FA67C}.Release|Any CPU.Build.0 = Release|Any CPU
		{ABDB3A25-4EA6-4746-9D9E-ED566D4FA67C}.Release|ARM.ActiveCfg = Release|Any CPU
		{ABDB3A25-4EA6-4746-9D9E-ED566D4FA67C}.Release|ARM.Build.0 = Release|Any CPU
		{ABDB3A25-4EA6-4746-9D9E-ED566D4FA67C}.Release|ARM64.ActiveCfg = Release|Any CPU
		{ABDB3A25-4EA6-4746-9D9E-ED566D4FA67C}.Release|ARM64.Build.0 = Release|Any CPU
		{ABDB3A25-4EA6-4746-9D9E-ED566D4FA67C}.Release|x64.ActiveCfg = Release|x64
		{ABDB3A25-4EA6-4746-9D9E-ED566D4FA67C}.Release|x64.Build.0 = Release|x64
		{ABDB3A25-4EA6-4746-9D9E-ED566D4FA67C}.Release|x86.ActiveCfg = Release|x86
		{ABDB3A25-4EA6-4746-9D9E-ED566D4FA67C}.Release|x86.Build.0 = Release|x86
		{E78A8659-F2D4-4E99-AAEB-AC1C62997310}.Debug|Any CPU.ActiveCfg = Debug|Any CPU
		{E78A8659-F2D4-4E99-AAEB-AC1C62997310}.Debug|Any CPU.Build.0 = Debug|Any CPU
		{E78A8659-F2D4-4E99-AAEB-AC1C62997310}.Debug|ARM.ActiveCfg = Debug|ARM
		{E78A8659-F2D4-4E99-AAEB-AC1C62997310}.Debug|ARM.Build.0 = Debug|ARM
		{E78A8659-F2D4-4E99-AAEB-AC1C62997310}.Debug|ARM64.ActiveCfg = Debug|ARM64
		{E78A8659-F2D4-4E99-AAEB-AC1C62997310}.Debug|ARM64.Build.0 = Debug|ARM64
		{E78A8659-F2D4-4E99-AAEB-AC1C62997310}.Debug|x64.ActiveCfg = Debug|x64
		{E78A8659-F2D4-4E99-AAEB-AC1C62997310}.Debug|x64.Build.0 = Debug|x64
		{E78A8659-F2D4-4E99-AAEB-AC1C62997310}.Debug|x86.ActiveCfg = Debug|x86
		{E78A8659-F2D4-4E99-AAEB-AC1C62997310}.Debug|x86.Build.0 = Debug|x86
		{E78A8659-F2D4-4E99-AAEB-AC1C62997310}.Release|Any CPU.ActiveCfg = Release|Any CPU
		{E78A8659-F2D4-4E99-AAEB-AC1C62997310}.Release|Any CPU.Build.0 = Release|Any CPU
		{E78A8659-F2D4-4E99-AAEB-AC1C62997310}.Release|ARM.ActiveCfg = Release|ARM
		{E78A8659-F2D4-4E99-AAEB-AC1C62997310}.Release|ARM.Build.0 = Release|ARM
		{E78A8659-F2D4-4E99-AAEB-AC1C62997310}.Release|ARM64.ActiveCfg = Release|ARM64
		{E78A8659-F2D4-4E99-AAEB-AC1C62997310}.Release|ARM64.Build.0 = Release|ARM64
		{E78A8659-F2D4-4E99-AAEB-AC1C62997310}.Release|x64.ActiveCfg = Release|x64
		{E78A8659-F2D4-4E99-AAEB-AC1C62997310}.Release|x64.Build.0 = Release|x64
		{E78A8659-F2D4-4E99-AAEB-AC1C62997310}.Release|x86.ActiveCfg = Release|x86
		{E78A8659-F2D4-4E99-AAEB-AC1C62997310}.Release|x86.Build.0 = Release|x86
	EndGlobalSection
	GlobalSection(SolutionProperties) = preSolution
		HideSolutionNode = FALSE
	EndGlobalSection
	GlobalSection(ExtensibilityGlobals) = postSolution
		SolutionGuid = {8CED9C32-7F25-4C5E-9E83-89CF9B66628B}
	EndGlobalSection
EndGlobal
